{
  "name": "@sesame-cli/publish",
  "version": "1.0.3",
  "lockfileVersion": 2,
  "requires": true,
  "packages": {
    "": {
      "name": "@sesame-cli/publish",
      "version": "1.0.0",
      "license": "ISC",
      "dependencies": {
        "@sesame-cli/command": "../../commands/command",
        "@sesame-cli/git": "../../models/git",
        "@sesame-cli/log": "../../utils/log",
        "@sesame-cli/utils": "../../utils/utils",
        "fs-extra": "^10.1.0"
      }
    },
    "../../models/git": {
      "version": "1.0.0",
      "license": "ISC",
      "dependencies": {
        "@sesame-cli/cloudbuild": "../../models/cloudbuild",
        "@sesame-cli/log": "../../utils/log",
        "@sesame-cli/request": "../../utils/request",
        "@sesame-cli/utils": "../../utils/utils",
        "axios": "^0.27.2",
        "fs-extra": "^10.1.0",
        "inquirer": "^8.2.4",
        "semver": "^7.3.7",
        "simple-git": "^3.7.1",
        "terminal-link": "^2.1.1",
        "user-home": "^3.0.0"
      }
    },
    "../../utils/log": {
      "version": "1.0.0",
      "license": "ISC",
      "dependencies": {
        "npmlog": "^6.0.1"
      }
    },
    "../../utils/utils": {
      "version": "1.0.0",
      "license": "ISC",
      "dependencies": {
        "cli-spinner": "^0.2.10",
        "npmlog": "^6.0.1"
      }
    },
    "../command": {
      "version": "1.0.0",
      "license": "ISC",
      "dependencies": {
        "@sesame-cli/log": "../../utils/log",
        "colors": "^1.4.0",
        "semver": "^7.3.5"
      }
    },
    "node_modules/@sesame-cli/command": {
      "resolved": "../command",
      "link": true
    },
    "node_modules/@sesame-cli/git": {
      "resolved": "../../models/git",
      "link": true
    },
    "node_modules/@sesame-cli/log": {
      "resolved": "../../utils/log",
      "link": true
    },
    "node_modules/@sesame-cli/utils": {
      "resolved": "../../utils/utils",
      "link": true
    },
    "node_modules/fs-extra": {
      "version": "10.1.0",
      "resolved": "https://registry.npmmirror.com/fs-extra/-/fs-extra-10.1.0.tgz",
      "integrity": "sha512-oRXApq54ETRj4eMiFzGnHWGy+zo5raudjuxN0b8H7s/RU2oW0Wvsx9O0ACRN/kRq9E8Vu/ReskGB5o3ji+FzHQ==",
      "dependencies": {
        "graceful-fs": "^4.2.0",
        "jsonfile": "^6.0.1",
        "universalify": "^2.0.0"
      },
      "engines": {
        "node": ">=12"
      }
    },
    "node_modules/graceful-fs": {
      "version": "4.2.10",
      "resolved": "https://registry.npmmirror.com/graceful-fs/-/graceful-fs-4.2.10.tgz",
      "integrity": "sha512-9ByhssR2fPVsNZj478qUUbKfmL0+t5BDVyjShtyZZLiK7ZDAArFFfopyOTj0M05wE2tJPisA4iTnnXl2YoPvOA=="
    },
    "node_modules/jsonfile": {
      "version": "6.1.0",
      "resolved": "https://registry.npmmirror.com/jsonfile/-/jsonfile-6.1.0.tgz",
      "integrity": "sha512-5dgndWOriYSm5cnYaJNhalLNDKOqFwyDB/rr1E9ZsGciGvKPs8R2xYGCacuf3z6K1YKDz182fd+fY3cn3pMqXQ==",
      "dependencies": {
        "universalify": "^2.0.0"
      },
      "optionalDependencies": {
        "graceful-fs": "^4.1.6"
      }
    },
    "node_modules/universalify": {
      "version": "2.0.0",
      "resolved": "https://registry.npmmirror.com/universalify/-/universalify-2.0.0.tgz",
      "integrity": "sha512-hAZsKq7Yy11Zu1DE0OzWjw7nnLZmJZYTDZZyEFHZdUhV8FkH5MCfoU1XMaxXovpyW5nq5scPqq0ZDP9Zyl04oQ==",
      "engines": {
        "node": ">= 10.0.0"
      }
    }
  },
  "dependencies": {
    "@sesame-cli/command": {
      "version": "file:../command",
      "requires": {
        "@sesame-cli/log": "../../utils/log",
        "colors": "^1.4.0",
        "semver": "^7.3.5"
      }
    },
    "@sesame-cli/git": {
      "version": "file:../../models/git",
      "requires": {
        "@sesame-cli/cloudbuild": "../../models/cloudbuild",
        "@sesame-cli/log": "../../utils/log",
        "@sesame-cli/request": "../../utils/request",
        "@sesame-cli/utils": "../../utils/utils",
        "axios": "^0.27.2",
        "fs-extra": "^10.1.0",
        "inquirer": "^8.2.4",
        "semver": "^7.3.7",
        "simple-git": "^3.7.1",
        "terminal-link": "^2.1.1",
        "user-home": "^3.0.0"
      }
    },
    "@sesame-cli/log": {
      "version": "file:../../utils/log",
      "requires": {
        "npmlog": "^6.0.1"
      }
    },
    "@sesame-cli/utils": {
      "version": "file:../../utils/utils",
      "requires": {
        "cli-spinner": "^0.2.10",
        "npmlog": "^6.0.1"
      }
    },
    "fs-extra": {
      "version": "10.1.0",
      "resolved": "https://registry.npmmirror.com/fs-extra/-/fs-extra-10.1.0.tgz",
      "integrity": "sha512-oRXApq54ETRj4eMiFzGnHWGy+zo5raudjuxN0b8H7s/RU2oW0Wvsx9O0ACRN/kRq9E8Vu/ReskGB5o3ji+FzHQ==",
      "requires": {
        "graceful-fs": "^4.2.0",
        "jsonfile": "^6.0.1",
        "universalify": "^2.0.0"
      }
    },
    "graceful-fs": {
      "version": "4.2.10",
      "resolved": "https://registry.npmmirror.com/graceful-fs/-/graceful-fs-4.2.10.tgz",
      "integrity": "sha512-9ByhssR2fPVsNZj478qUUbKfmL0+t5BDVyjShtyZZLiK7ZDAArFFfopyOTj0M05wE2tJPisA4iTnnXl2YoPvOA=="
    },
    "jsonfile": {
      "version": "6.1.0",
      "resolved": "https://registry.npmmirror.com/jsonfile/-/jsonfile-6.1.0.tgz",
      "integrity": "sha512-5dgndWOriYSm5cnYaJNhalLNDKOqFwyDB/rr1E9ZsGciGvKPs8R2xYGCacuf3z6K1YKDz182fd+fY3cn3pMqXQ==",
      "requires": {
        "graceful-fs": "^4.1.6",
        "universalify": "^2.0.0"
      }
    },
    "universalify": {
      "version": "2.0.0",
      "resolved": "https://registry.npmmirror.com/universalify/-/universalify-2.0.0.tgz",
      "integrity": "sha512-hAZsKq7Yy11Zu1DE0OzWjw7nnLZmJZYTDZZyEFHZdUhV8FkH5MCfoU1XMaxXovpyW5nq5scPqq0ZDP9Zyl04oQ=="
    }
  }
}
