{
  "name": "@sesame-cli/exec",
  "version": "1.0.1",
  "lockfileVersion": 2,
  "requires": true,
  "packages": {
    "": {
      "name": "@sesame-cli/exec",
      "version": "1.0.0",
      "license": "ISC",
      "dependencies": {
        "@sesame-cli/log": "../../utils/log",
        "@sesame-cli/package": "../../models/package",
        "@sesame-cli/utils": "../../utils/utils"
      }
    },
    "../../models/package": {
      "version": "1.0.0",
      "license": "ISC",
      "dependencies": {
        "@sesame-cli/get-npm-info": "../../utils/get-npm-info",
        "@sesame-cli/utils": "../../utils/utils",
        "fs-extra": "^10.0.1",
        "npminstall": "^5.5.0",
        "path-exists": "^5.0.0",
        "pkg-dir": "^6.0.1"
      }
    },
    "../../utils/log": {
      "version": "1.0.0",
      "license": "ISC",
      "dependencies": {
        "npmlog": "^6.0.1"
      }
    },
    "../../utils/utils": {
      "version": "1.0.0",
      "license": "ISC",
      "dependencies": {
        "cli-spinner": "^0.2.10",
        "npmlog": "^6.0.1"
      }
    },
    "node_modules/@sesame-cli/log": {
      "resolved": "../../utils/log",
      "link": true
    },
    "node_modules/@sesame-cli/package": {
      "resolved": "../../models/package",
      "link": true
    },
    "node_modules/@sesame-cli/utils": {
      "resolved": "../../utils/utils",
      "link": true
    }
  },
  "dependencies": {
    "@sesame-cli/log": {
      "version": "file:../../utils/log",
      "requires": {
        "npmlog": "^6.0.1"
      }
    },
    "@sesame-cli/package": {
      "version": "file:../../models/package",
      "requires": {
        "@sesame-cli/get-npm-info": "../../utils/get-npm-info",
        "@sesame-cli/utils": "../../utils/utils",
        "fs-extra": "^10.0.1",
        "npminstall": "^5.5.0",
        "path-exists": "^5.0.0",
        "pkg-dir": "^6.0.1"
      }
    },
    "@sesame-cli/utils": {
      "version": "file:../../utils/utils",
      "requires": {
        "cli-spinner": "^0.2.10",
        "npmlog": "^6.0.1"
      }
    }
  }
}
